
Microsoft Visual Studio Solution File, Format Version 12.00
# Visual Studio Version 16
VisualStudioVersion = 16.0.29009.5
MinimumVisualStudioVersion = 10.0.40219.1
Project("{2150E333-8FDC-42A3-9474-1A3956D46DE8}") = "Samples", "Samples", "{DB13B096-2EDC-4E64-8F5B-876F0D870880}"
EndProject
Project("{2150E333-8FDC-42A3-9474-1A3956D46DE8}") = "Build", "Build", "{9A2D49C3-AF54-4CB9-B3FC-BB81D4006419}"
	ProjectSection(SolutionItems) = preProject
		Directory.Build.props = Directory.Build.props
	EndProjectSection
EndProject
Project("{2150E333-8FDC-42A3-9474-1A3956D46DE8}") = "Solution Items", "Solution Items", "{269CF3A9-75E9-4900-8568-9E5E14A7CF16}"
	ProjectSection(SolutionItems) = preProject
		LICENSE = LICENSE
		logo.png = logo.png
		README.md = README.md
	EndProjectSection
EndProject
Project("{2150E333-8FDC-42A3-9474-1A3956D46DE8}") = "Source", "Source", "{C12C002B-0C24-421C-83B8-8604B7FA220E}"
	ProjectSection(SolutionItems) = preProject
		src\Directory.Build.props = src\Directory.Build.props
	EndProjectSection
EndProject
Project("{9A19103F-16F7-4668-BE54-9A1E7A4F7556}") = "Inscribe", "src\Inscribe\Inscribe.csproj", "{9D96F850-3C03-40A6-BED6-E55E9FF62791}"
EndProject
Project("{9A19103F-16F7-4668-BE54-9A1E7A4F7556}") = "Inscribe.Abstractions", "src\Inscribe.Abstractions\Inscribe.Abstractions.csproj", "{238FEB62-90E7-4527-894F-8359593E6F75}"
EndProject
Project("{9A19103F-16F7-4668-BE54-9A1E7A4F7556}") = "Inscribe.Email", "src\Inscribe.Email\Inscribe.Email.csproj", "{CD88406D-F602-4D38-8388-83366DE86CA7}"
EndProject
Project("{9A19103F-16F7-4668-BE54-9A1E7A4F7556}") = "Inscribe.EntityFrameworkCore", "src\Inscribe.EntityFrameworkCore\Inscribe.EntityFrameworkCore.csproj", "{811ABDFC-6949-4772-AC21-4A8424187404}"
EndProject
Global
	GlobalSection(SolutionConfigurationPlatforms) = preSolution
		Debug|Any CPU = Debug|Any CPU
		Release|Any CPU = Release|Any CPU
	EndGlobalSection
	GlobalSection(ProjectConfigurationPlatforms) = postSolution
		{9D96F850-3C03-40A6-BED6-E55E9FF62791}.Debug|Any CPU.ActiveCfg = Debug|Any CPU
		{9D96F850-3C03-40A6-BED6-E55E9FF62791}.Debug|Any CPU.Build.0 = Debug|Any CPU
		{9D96F850-3C03-40A6-BED6-E55E9FF62791}.Release|Any CPU.ActiveCfg = Release|Any CPU
		{9D96F850-3C03-40A6-BED6-E55E9FF62791}.Release|Any CPU.Build.0 = Release|Any CPU
		{238FEB62-90E7-4527-894F-8359593E6F75}.Debug|Any CPU.ActiveCfg = Debug|Any CPU
		{238FEB62-90E7-4527-894F-8359593E6F75}.Debug|Any CPU.Build.0 = Debug|Any CPU
		{238FEB62-90E7-4527-894F-8359593E6F75}.Release|Any CPU.ActiveCfg = Release|Any CPU
		{238FEB62-90E7-4527-894F-8359593E6F75}.Release|Any CPU.Build.0 = Release|Any CPU
		{CD88406D-F602-4D38-8388-83366DE86CA7}.Debug|Any CPU.ActiveCfg = Debug|Any CPU
		{CD88406D-F602-4D38-8388-83366DE86CA7}.Debug|Any CPU.Build.0 = Debug|Any CPU
		{CD88406D-F602-4D38-8388-83366DE86CA7}.Release|Any CPU.ActiveCfg = Release|Any CPU
		{CD88406D-F602-4D38-8388-83366DE86CA7}.Release|Any CPU.Build.0 = Release|Any CPU
		{811ABDFC-6949-4772-AC21-4A8424187404}.Debug|Any CPU.ActiveCfg = Debug|Any CPU
		{811ABDFC-6949-4772-AC21-4A8424187404}.Debug|Any CPU.Build.0 = Debug|Any CPU
		{811ABDFC-6949-4772-AC21-4A8424187404}.Release|Any CPU.ActiveCfg = Release|Any CPU
		{811ABDFC-6949-4772-AC21-4A8424187404}.Release|Any CPU.Build.0 = Release|Any CPU
	EndGlobalSection
	GlobalSection(SolutionProperties) = preSolution
		HideSolutionNode = FALSE
	EndGlobalSection
	GlobalSection(NestedProjects) = preSolution
		{C12C002B-0C24-421C-83B8-8604B7FA220E} = {9A2D49C3-AF54-4CB9-B3FC-BB81D4006419}
	EndGlobalSection
	GlobalSection(ExtensibilityGlobals) = postSolution
		SolutionGuid = {4BAD19EB-ADC2-4B3A-B2F5-C2B317123FD7}
	EndGlobalSection
EndGlobal
